// !$*UTF8*$!
{
	archiveVersion = 1;
	classes = {
	};
	objectVersion = 50;
	objects = {

/* Begin PBXBuildFile section */
		6DCC98D221772601006DA810 /* AppDelegate.swift in Sources */ = {isa = PBXBuildFile; fileRef = 6DCC98D121772601006DA810 /* AppDelegate.swift */; };
		6DCC98D421772601006DA810 /* ViewController.swift in Sources */ = {isa = PBXBuildFile; fileRef = 6DCC98D321772601006DA810 /* ViewController.swift */; };
		6DCC98D721772601006DA810 /* Main.storyboard in Resources */ = {isa = PBXBuildFile; fileRef = 6DCC98D521772601006DA810 /* Main.storyboard */; };
		6DCC98D921772603006DA810 /* Assets.xcassets in Resources */ = {isa = PBXBuildFile; fileRef = 6DCC98D821772603006DA810 /* Assets.xcassets */; };
		6DCC98DC21772603006DA810 /* LaunchScreen.storyboard in Resources */ = {isa = PBXBuildFile; fileRef = 6DCC98DA21772603006DA810 /* LaunchScreen.storyboard */; };
		6DCC98E42177262D006DA810 /* ExtensionTimer.swift in Sources */ = {isa = PBXBuildFile; fileRef = 6DCC98E32177262D006DA810 /* ExtensionTimer.swift */; };
		6DCC98E621772691006DA810 /* SecViewController.swift in Sources */ = {isa = PBXBuildFile; fileRef = 6DCC98E521772691006DA810 /* SecViewController.swift */; };
/* End PBXBuildFile section */

/* Begin PBXFileReference section */
		6DCC98CE21772601006DA810 /* HLTimerDemo.app */ = {isa = PBXFileReference; explicitFileType = wrapper.application; includeInIndex = 0; path = HLTimerDemo.app; sourceTree = BUILT_PRODUCTS_DIR; };
		6DCC98D121772601006DA810 /* AppDelegate.swift */ = {isa = PBXFileReference; lastKnownFileType = sourcecode.swift; path = AppDelegate.swift; sourceTree = "<group>"; };
		6DCC98D321772601006DA810 /* ViewController.swift */ = {isa = PBXFileReference; lastKnownFileType = sourcecode.swift; path = ViewController.swift; sourceTree = "<group>"; };
		6DCC98D621772601006DA810 /* Base */ = {isa = PBXFileReference; lastKnownFileType = file.storyboard; name = Base; path = Base.lproj/Main.storyboard; sourceTree = "<group>"; };
		6DCC98D821772603006DA810 /* Assets.xcassets */ = {isa = PBXFileReference; lastKnownFileType = folder.assetcatalog; path = Assets.xcassets; sourceTree = "<group>"; };
		6DCC98DB21772603006DA810 /* Base */ = {isa = PBXFileReference; lastKnownFileType = file.storyboard; name = Base; path = Base.lproj/LaunchScreen.storyboard; sourceTree = "<group>"; };
		6DCC98DD21772603006DA810 /* Info.plist */ = {isa = PBXFileReference; lastKnownFileType = text.plist.xml; path = Info.plist; sourceTree = "<group>"; };
		6DCC98E32177262D006DA810 /* ExtensionTimer.swift */ = {isa = PBXFileReference; fileEncoding = 4; lastKnownFileType = sourcecode.swift; path = ExtensionTimer.swift; sourceTree = "<group>"; };
		6DCC98E521772691006DA810 /* SecViewController.swift */ = {isa = PBXFileReference; lastKnownFileType = sourcecode.swift; path = SecViewController.swift; sourceTree = "<group>"; };
/* End PBXFileReference section */

/* Begin PBXFrameworksBuildPhase section */
		6DCC98CB21772601006DA810 /* Frameworks */ = {
			isa = PBXFrameworksBuildPhase;
			buildActionMask = 2147483647;
			files = (
			);
			runOnlyForDeploymentPostprocessing = 0;
		};
/* End PBXFrameworksBuildPhase section */

/* Begin PBXGroup section */
		6DCC98C521772601006DA810 = {
			isa = PBXGroup;
			children = (
				6DCC98D021772601006DA810 /* HLTimerDemo */,
				6DCC98CF21772601006DA810 /* Products */,
			);
			sourceTree = "<group>";
		};
		6DCC98CF21772601006DA810 /* Products */ = {
			isa = PBXGroup;
			children = (
				6DCC98CE21772601006DA810 /* HLTimerDemo.app */,
			);
			name = Products;
			sourceTree = "<group>";
		};
		6DCC98D021772601006DA810 /* HLTimerDemo */ = {
			isa = PBXGroup;
			children = (
				6DCC98D121772601006DA810 /* AppDelegate.swift */,
				6DCC98D321772601006DA810 /* ViewController.swift */,
				6DCC98E32177262D006DA810 /* ExtensionTimer.swift */,
				6DCC98D521772601006DA810 /* Main.storyboard */,
				6DCC98D821772603006DA810 /* Assets.xcassets */,
				6DCC98DA21772603006DA810 /* LaunchScreen.storyboard */,
				6DCC98DD21772603006DA810 /* Info.plist */,
				6DCC98E521772691006DA810 /* SecViewController.swift */,
			);
			path = HLTimerDemo;
			sourceTree = "<group>";
		};
/* End PBXGroup section */

/* Begin PBXNativeTarget section */
		6DCC98CD21772601006DA810 /* HLTimerDemo */ = {
			isa = PBXNativeTarget;
			buildConfigurationList = 6DCC98E021772603006DA810 /* Build configuration list for PBXNativeTarget "HLTimerDemo" */;
			buildPhases = (
				6DCC98CA21772601006DA810 /* Sources */,
				6DCC98CB21772601006DA810 /* Frameworks */,
				6DCC98CC21772601006DA810 /* Resources */,
			);
			buildRules = (
			);
			dependencies = (
			);
			name = HLTimerDemo;
			productName = HLTimerDemo;
			productReference = 6DCC98CE21772601006DA810 /* HLTimerDemo.app */;
			productType = "com.apple.product-type.application";
		};
/* End PBXNativeTarget section */

/* Begin PBXProject section */
		6DCC98C621772601006DA810 /* Project object */ = {
			isa = PBXProject;
			attributes = {
				LastSwiftUpdateCheck = 1000;
				LastUpgradeCheck = 1000;
				ORGANIZATIONNAME = yunfu;
				TargetAttributes = {
					6DCC98CD21772601006DA810 = {
						CreatedOnToolsVersion = 10.0;
					};
				};
			};
			buildConfigurationList = 6DCC98C921772601006DA810 /* Build configuration list for PBXProject "HLTimerDemo" */;
			compatibilityVersion = "Xcode 9.3";
			developmentRegion = en;
			hasScannedForEncodings = 0;
			knownRegions = (
				en,
				Base,
			);
			mainGroup = 6DCC98C521772601006DA810;
			productRefGroup = 6DCC98CF21772601006DA810 /* Products */;
			projectDirPath = "";
			projectRoot = "";
			targets = (
				6DCC98CD21772601006DA810 /* HLTimerDemo */,
			);
		};
/* End PBXProject section */

/* Begin PBXResourcesBuildPhase section */
		6DCC98CC21772601006DA810 /* Resources */ = {
			isa = PBXResourcesBuildPhase;
			buildActionMask = 2147483647;
			files = (
				6DCC98DC21772603006DA810 /* LaunchScreen.storyboard in Resources */,
				6DCC98D921772603006DA810 /* Assets.xcassets in Resources */,
				6DCC98D721772601006DA810 /* Main.storyboard in Resources */,
			);
			runOnlyForDeploymentPostprocessing = 0;
		};
/* End PBXResourcesBuildPhase section */

/* Begin PBXSourcesBuildPhase section */
		6DCC98CA21772601006DA810 /* Sources */ = {
			isa = PBXSourcesBuildPhase;
			buildActionMask = 2147483647;
			files = (
				6DCC98E621772691006DA810 /* SecViewController.swift in Sources */,
				6DCC98D421772601006DA810 /* ViewController.swift in Sources */,
				6DCC98E42177262D006DA810 /* ExtensionTimer.swift in Sources */,
				6DCC98D221772601006DA810 /* AppDelegate.swift in Sources */,
			);
			runOnlyForDeploymentPostprocessing = 0;
		};
/* End PBXSourcesBuildPhase section */

/* Begin PBXVariantGroup section */
		6DCC98D521772601006DA810 /* Main.storyboard */ = {
			isa = PBXVariantGroup;
			children = (
				6DCC98D621772601006DA810 /* Base */,
			);
			name = Main.storyboard;
			sourceTree = "<group>";
		};
		6DCC98DA21772603006DA810 /* LaunchScreen.storyboard */ = {
			isa = PBXVariantGroup;
			children = (
				6DCC98DB21772603006DA810 /* Base */,
			);
			name = LaunchScreen.storyboard;
			sourceTree = "<group>";
		};
/* End PBXVariantGroup section */

/* Begin XCBuildConfiguration section */
		6DCC98DE21772603006DA810 /* Debug */ = {
			isa = XCBuildConfiguration;
			buildSettings = {
				ALWAYS_SEARCH_USER_PATHS = NO;
				CLANG_ANALYZER_NONNULL = YES;
				CLANG_ANALYZER_NUMBER_OBJECT_CONVERSION = YES_AGGRESSIVE;
				CLANG_CXX_LANGUAGE_STANDARD = "gnu++14";
				CLANG_CXX_LIBRARY = "libc++";
				CLANG_ENABLE_MODULES = YES;
				CLANG_ENABLE_OBJC_ARC = YES;
				CLANG_ENABLE_OBJC_WEAK = YES;
				CLANG_WARN_BLOCK_CAPTURE_AUTORELEASING = YES;
				CLANG_WARN_BOOL_CONVERSION = YES;
				CLANG_WARN_COMMA = YES;
				CLANG_WARN_CONSTANT_CONVERSION = YES;
				CLANG_WARN_DEPRECATED_OBJC_IMPLEMENTATIONS = YES;
				CLANG_WARN_DIRECT_OBJC_ISA_USAGE = YES_ERROR;
				CLANG_WARN_DOCUMENTATION_COMMENTS = YES;
				CLANG_WARN_EMPTY_BODY = YES;
				CLANG_WARN_ENUM_CONVERSION = YES;
				CLANG_WARN_INFINITE_RECURSION = YES;
				CLANG_WARN_INT_CONVERSION = YES;
				CLANG_WARN_NON_LITERAL_NULL_CONVERSION = YES;
				CLANG_WARN_OBJC_IMPLICIT_RETAIN_SELF = YES;
				CLANG_WARN_OBJC_LITERAL_CONVERSION = YES;
				CLANG_WARN_OBJC_ROOT_CLASS = YES_ERROR;
				CLANG_WARN_RANGE_LOOP_ANALYSIS = YES;
				CLANG_WARN_STRICT_PROTOTYPES = YES;
				CLANG_WARN_SUSPICIOUS_MOVE = YES;
				CLANG_WARN_UNGUARDED_AVAILABILITY = YES_AGGRESSIVE;
				CLANG_WARN_UNREACHABLE_CODE = YES;
				CLANG_WARN__DUPLICATE_METHOD_MATCH = YES;
				CODE_SIGN_IDENTITY = "iPhone Developer";
				COPY_PHASE_STRIP = NO;
				DEBUG_INFORMATION_FORMAT = dwarf;
				ENABLE_STRICT_OBJC_MSGSEND = YES;
				ENABLE_TESTABILITY = YES;
				GCC_C_LANGUAGE_STANDARD = gnu11;
				GCC_DYNAMIC_NO_PIC = NO;
				GCC_NO_COMMON_BLOCKS = YES;
				GCC_OPTIMIZATION_LEVEL = 0;
				GCC_PREPROCESSOR_DEFINITIONS = (
					"DEBUG=1",
					"$(inherited)",
				);
				GCC_WARN_64_TO_32_BIT_CONVERSION = YES;
				GCC_WARN_ABOUT_RETURN_TYPE = YES_ERROR;
				GCC_WARN_UNDECLARED_SELECTOR = YES;
				GCC_WARN_UNINITIALIZED_AUTOS = YES_AGGRESSIVE;
				GCC_WARN_UNUSED_FUNCTION = YES;
				GCC_WARN_UNUSED_VARIABLE = YES;
				IPHONEOS_DEPLOYMENT_TARGET = 12.0;
				MTL_ENABLE_DEBUG_INFO = INCLUDE_SOURCE;
				MTL_FAST_MATH = YES;
				ONLY_ACTIVE_ARCH = YES;
				SDKROOT = iphoneos;
				SWIFT_ACTIVE_COMPILATION_CONDITIONS = DEBUG;
				SWIFT_OPTIMIZATION_LEVEL = "-Onone";
			};
			name = Debug;
		};
		6DCC98DF21772603006DA810 /* Release */ = {
			isa = XCBuildConfiguration;
			buildSettings = {
				ALWAYS_SEARCH_USER_PATHS = NO;
				CLANG_ANALYZER_NONNULL = YES;
				CLANG_ANALYZER_NUMBER_OBJECT_CONVERSION = YES_AGGRESSIVE;
				CLANG_CXX_LANGUAGE_STANDARD = "gnu++14";
				CLANG_CXX_LIBRARY = "libc++";
				CLANG_ENABLE_MODULES = YES;
				CLANG_ENABLE_OBJC_ARC = YES;
				CLANG_ENABLE_OBJC_WEAK = YES;
				CLANG_WARN_BLOCK_CAPTURE_AUTORELEASING = YES;
				CLANG_WARN_BOOL_CONVERSION = YES;
				CLANG_WARN_COMMA = YES;
				CLANG_WARN_CONSTANT_CONVERSION = YES;
				CLANG_WARN_DEPRECATED_OBJC_IMPLEMENTATIONS = YES;
				CLANG_WARN_DIRECT_OBJC_ISA_USAGE = YES_ERROR;
				CLANG_WARN_DOCUMENTATION_COMMENTS = YES;
				CLANG_WARN_EMPTY_BODY = YES;
				CLANG_WARN_ENUM_CONVERSION = YES;
				CLANG_WARN_INFINITE_RECURSION = YES;
				CLANG_WARN_INT_CONVERSION = YES;
				CLANG_WARN_NON_LITERAL_NULL_CONVERSION = YES;
				CLANG_WARN_OBJC_IMPLICIT_RETAIN_SELF = YES;
				CLANG_WARN_OBJC_LITERAL_CONVERSION = YES;
				CLANG_WARN_OBJC_ROOT_CLASS = YES_ERROR;
				CLANG_WARN_RANGE_LOOP_ANALYSIS = YES;
				CLANG_WARN_STRICT_PROTOTYPES = YES;
				CLANG_WARN_SUSPICIOUS_MOVE = YES;
				CLANG_WARN_UNGUARDED_AVAILABILITY = YES_AGGRESSIVE;
				CLANG_WARN_UNREACHABLE_CODE = YES;
				CLANG_WARN__DUPLICATE_METHOD_MATCH = YES;
				CODE_SIGN_IDENTITY = "iPhone Developer";
				COPY_PHASE_STRIP = NO;
				DEBUG_INFORMATION_FORMAT = "dwarf-with-dsym";
				ENABLE_NS_ASSERTIONS = NO;
				ENABLE_STRICT_OBJC_MSGSEND = YES;
				GCC_C_LANGUAGE_STANDARD = gnu11;
				GCC_NO_COMMON_BLOCKS = YES;
				GCC_WARN_64_TO_32_BIT_CONVERSION = YES;
				GCC_WARN_ABOUT_RETURN_TYPE = YES_ERROR;
				GCC_WARN_UNDECLARED_SELECTOR = YES;
				GCC_WARN_UNINITIALIZED_AUTOS = YES_AGGRESSIVE;
				GCC_WARN_UNUSED_FUNCTION = YES;
				GCC_WARN_UNUSED_VARIABLE = YES;
				IPHONEOS_DEPLOYMENT_TARGET = 12.0;
				MTL_ENABLE_DEBUG_INFO = NO;
				MTL_FAST_MATH = YES;
				SDKROOT = iphoneos;
				SWIFT_COMPILATION_MODE = wholemodule;
				SWIFT_OPTIMIZATION_LEVEL = "-O";
				VALIDATE_PRODUCT = YES;
			};
			name = Release;
		};
		6DCC98E121772603006DA810 /* Debug */ = {
			isa = XCBuildConfiguration;
			buildSettings = {
				ASSETCATALOG_COMPILER_APPICON_NAME = AppIcon;
				CODE_SIGN_STYLE = Automatic;
				INFOPLIST_FILE = HLTimerDemo/Info.plist;
				IPHONEOS_DEPLOYMENT_TARGET = 9.0;
				LD_RUNPATH_SEARCH_PATHS = (
					"$(inherited)",
					"@executable_path/Frameworks",
				);
				PRODUCT_BUNDLE_IDENTIFIER = com.yunfu.HLTimerDemo;
				PRODUCT_NAME = "$(TARGET_NAME)";
				SWIFT_VERSION = 4.2;
				TARGETED_DEVICE_FAMILY = "1,2";
			};
			name = Debug;
		};
		6DCC98E221772603006DA810 /* Release */ = {
			isa = XCBuildConfiguration;
			buildSettings = {
				ASSETCATALOG_COMPILER_APPICON_NAME = AppIcon;
				CODE_SIGN_STYLE = Automatic;
				INFOPLIST_FILE = HLTimerDemo/Info.plist;
				IPHONEOS_DEPLOYMENT_TARGET = 9.0;
				LD_RUNPATH_SEARCH_PATHS = (
					"$(inherited)",
					"@executable_path/Frameworks",
				);
				PRODUCT_BUNDLE_IDENTIFIER = com.yunfu.HLTimerDemo;
				PRODUCT_NAME = "$(TARGET_NAME)";
				SWIFT_VERSION = 4.2;
				TARGETED_DEVICE_FAMILY = "1,2";
			};
			name = Release;
		};
/* End XCBuildConfiguration section */

/* Begin XCConfigurationList section */
		6DCC98C921772601006DA810 /* Build configuration list for PBXProject "HLTimerDemo" */ = {
			isa = XCConfigurationList;
			buildConfigurations = (
				6DCC98DE21772603006DA810 /* Debug */,
				6DCC98DF21772603006DA810 /* Release */,
			);
			defaultConfigurationIsVisible = 0;
			defaultConfigurationName = Release;
		};
		6DCC98E021772603006DA810 /* Build configuration list for PBXNativeTarget "HLTimerDemo" */ = {
			isa = XCConfigurationList;
			buildConfigurations = (
				6DCC98E121772603006DA810 /* Debug */,
				6DCC98E221772603006DA810 /* Release */,
			);
			defaultConfigurationIsVisible = 0;
			defaultConfigurationName = Release;
		};
/* End XCConfigurationList section */
	};
	rootObject = 6DCC98C621772601006DA810 /* Project object */;
}
